PODS:
  - Flutter (1.0.0)
  - flutter_rust_ffi (0.0.1):
    - Flutter

DEPENDENCIES:
  - Flutter (from `Flutter`)
  - flutter_rust_ffi (from `.symlinks/plugins/flutter_rust_ffi/ios`)

EXTERNAL SOURCES:
  Flutter:
    :path: Flutter
  flutter_rust_ffi:
    :path: ".symlinks/plugins/flutter_rust_ffi/ios"

SPEC CHECKSUMS:
  Flutter: cabc95a1d2626b1b06e7179b784ebcf0c0cde467
  flutter_rust_ffi: df1175f162cf5f8d89ebaf4b296728e4cc138165

PODFILE CHECKSUM: 4f1c12611da7338d21589c0b2ecd6bd20b109694

COCOAPODS: 1.16.2
