PODS:
  - flutter_rust_ffi (0.0.1):
    - FlutterMacOS
  - FlutterMacOS (1.0.0)

DEPENDENCIES:
  - flutter_rust_ffi (from `Flutter/ephemeral/.symlinks/plugins/flutter_rust_ffi/macos`)
  - FlutterMacOS (from `Flutter/ephemeral`)

EXTERNAL SOURCES:
  flutter_rust_ffi:
    :path: Flutter/ephemeral/.symlinks/plugins/flutter_rust_ffi/macos
  FlutterMacOS:
    :path: Flutter/ephemeral

SPEC CHECKSUMS:
  flutter_rust_ffi: a7f078c42a134143d44bf7d89aa96702b1170863
  FlutterMacOS: d0db08ddef1a9af05a5ec4b724367152bb0500b1

PODFILE CHECKSUM: 9ebaf0ce3d369aaa26a9ea0e159195ed94724cf3

COCOAPODS: 1.16.2
